# Run ./gradlew writeVersionsLocks to regenerate this file. Blank lines are to minimize merge conflicts.

com.google.errorprone:error_prone_annotations:2.3.3 (4 constraints: 933e0795)

com.palantir.safe-logging:logger:3.16.0 (1 constraints: 3c05473b)

com.palantir.safe-logging:logger-slf4j:3.16.0 (1 constraints: 350e9950)

com.palantir.safe-logging:logger-spi:3.16.0 (2 constraints: 791e18b1)

com.palantir.safe-logging:preconditions:3.16.0 (1 constraints: 3c05473b)

com.palantir.safe-logging:safe-logging:3.16.0 (4 constraints: 52344104)

org.jetbrains:annotations:26.1.0 (1 constraints: 351170d1)

org.slf4j:slf4j-api:2.0.17 (1 constraints: 471091b6)



[Test dependencies]

net.bytebuddy:byte-buddy:1.18.3 (1 constraints: 530b55df)

org.apiguardian:apiguardian-api:1.1.2 (6 constraints: 5366ce6e)

org.assertj:assertj-core:3.27.7 (1 constraints: 4505553b)

org.awaitility:awaitility:4.3.0 (1 constraints: 09050836)

org.hamcrest:hamcrest:2.1 (1 constraints: 6f0b2cce)

org.jspecify:jspecify:1.0.0 (6 constraints: 4166fe65)

org.junit.jupiter:junit-jupiter:6.1.0 (1 constraints: 48070b70)

org.junit.jupiter:junit-jupiter-api:6.1.0 (3 constraints: 5e2fd9d8)

org.junit.jupiter:junit-jupiter-engine:6.1.0 (1 constraints: 040ecd3b)

org.junit.jupiter:junit-jupiter-params:6.1.0 (1 constraints: 040ecd3b)

org.junit.platform:junit-platform-commons:6.1.0 (2 constraints: d5204b4a)

org.junit.platform:junit-platform-engine:6.1.0 (2 constraints: ed22e007)

org.junit.platform:junit-platform-launcher:6.1.0 (1 constraints: 09050c36)

org.opentest4j:opentest4j:1.3.0 (2 constraints: cf209249)
