# Run ./gradlew --write-locks to regenerate this file
org.slf4j:slf4j-api:1.7.32 (1 constraints: 3f05473b)

[Test dependencies]
org.assertj:assertj-core:3.21.0 (1 constraints: 38053c3b)
org.junit:junit-bom:5.8.0 (6 constraints: 466257f9)
org.junit.jupiter:junit-jupiter:5.8.0 (2 constraints: 220e3e59)
org.junit.jupiter:junit-jupiter-api:5.8.0 (4 constraints: 83382e32)
org.junit.jupiter:junit-jupiter-engine:5.8.0 (2 constraints: 1d177e3c)
org.junit.jupiter:junit-jupiter-params:5.8.0 (2 constraints: 1d177e3c)
org.junit.platform:junit-platform-commons:1.8.0 (3 constraints: e829cb2a)
org.junit.platform:junit-platform-engine:1.8.0 (2 constraints: b8197bf3)
org.opentest4j:opentest4j:1.2.0 (2 constraints: cd205b49)
